
Microsoft Visual Studio Solution File, Format Version 12.00
# Visual Studio Version 17
VisualStudioVersion = 17.0.32014.148
MinimumVisualStudioVersion = 10.0.40219.1
Project("{FAE04EC0-301F-11D3-BF4B-00C04F79EFBC}") = "CSSagaOrchestrationPostgreSqlExample.Application", "CSSagaOrchestrationPostgreSqlExample.Application\CSSagaOrchestrationPostgreSqlExample.Application.csproj", "{ED7C96E2-61F5-49E7-ADD3-7F758ACF925F}"
EndProject
Project("{FAE04EC0-301F-11D3-BF4B-00C04F79EFBC}") = "CSSagaOrchestrationPostgreSqlExample.Api", "CSSagaOrchestrationPostgreSqlExample.Api\CSSagaOrchestrationPostgreSqlExample.Api.csproj", "{3C2E4869-E3B8-4BE9-B0B8-FD4DAD085AEF}"
EndProject
Global
	GlobalSection(SolutionConfigurationPlatforms) = preSolution
		Debug|Any CPU = Debug|Any CPU
		Release|Any CPU = Release|Any CPU
	EndGlobalSection
	GlobalSection(ProjectConfigurationPlatforms) = postSolution
		{ED7C96E2-61F5-49E7-ADD3-7F758ACF925F}.Debug|Any CPU.ActiveCfg = Debug|Any CPU
		{ED7C96E2-61F5-49E7-ADD3-7F758ACF925F}.Debug|Any CPU.Build.0 = Debug|Any CPU
		{ED7C96E2-61F5-49E7-ADD3-7F758ACF925F}.Release|Any CPU.ActiveCfg = Release|Any CPU
		{ED7C96E2-61F5-49E7-ADD3-7F758ACF925F}.Release|Any CPU.Build.0 = Release|Any CPU
		{3C2E4869-E3B8-4BE9-B0B8-FD4DAD085AEF}.Debug|Any CPU.ActiveCfg = Debug|Any CPU
		{3C2E4869-E3B8-4BE9-B0B8-FD4DAD085AEF}.Debug|Any CPU.Build.0 = Debug|Any CPU
		{3C2E4869-E3B8-4BE9-B0B8-FD4DAD085AEF}.Release|Any CPU.ActiveCfg = Release|Any CPU
		{3C2E4869-E3B8-4BE9-B0B8-FD4DAD085AEF}.Release|Any CPU.Build.0 = Release|Any CPU
	EndGlobalSection
	GlobalSection(SolutionProperties) = preSolution
		HideSolutionNode = FALSE
	EndGlobalSection
	GlobalSection(ExtensibilityGlobals) = postSolution
		SolutionGuid = {96145277-B86A-4633-9401-95EC563C77B0}
	EndGlobalSection
EndGlobal
